// !$*UTF8*$!
{
	archiveVersion = 1;
	classes = {
	};
	objectVersion = 50;
	objects = {

/* Begin PBXBuildFile section */
		3413407224700A8B00A42E3A /* MeasuringStation.swift in Sources */ = {isa = PBXBuildFile; fileRef = 3413407124700A8B00A42E3A /* MeasuringStation.swift */; };
		34134075247014FB00A42E3A /* MeasuringStationRowV.swift in Sources */ = {isa = PBXBuildFile; fileRef = 34134074247014FB00A42E3A /* MeasuringStationRowV.swift */; };
		34134078247020A500A42E3A /* MainHomeVM.swift in Sources */ = {isa = PBXBuildFile; fileRef = 34134077247020A500A42E3A /* MainHomeVM.swift */; };
		3413407A247028E700A42E3A /* ApiModels.swift in Sources */ = {isa = PBXBuildFile; fileRef = 34134079247028E700A42E3A /* ApiModels.swift */; };
		3471C826246EC88900469724 /* AppDelegate.swift in Sources */ = {isa = PBXBuildFile; fileRef = 3471C825246EC88900469724 /* AppDelegate.swift */; };
		3471C829246EC88900469724 /* WaterTemperatuur.xcdatamodeld in Sources */ = {isa = PBXBuildFile; fileRef = 3471C827246EC88900469724 /* WaterTemperatuur.xcdatamodeld */; };
		3471C82B246EC88900469724 /* SceneDelegate.swift in Sources */ = {isa = PBXBuildFile; fileRef = 3471C82A246EC88900469724 /* SceneDelegate.swift */; };
		3471C82F246EC88900469724 /* ContentView.swift in Sources */ = {isa = PBXBuildFile; fileRef = 3471C82E246EC88900469724 /* ContentView.swift */; };
		3471C831246EC88F00469724 /* Assets.xcassets in Resources */ = {isa = PBXBuildFile; fileRef = 3471C830246EC88F00469724 /* Assets.xcassets */; };
		3471C834246EC88F00469724 /* Preview Assets.xcassets in Resources */ = {isa = PBXBuildFile; fileRef = 3471C833246EC88F00469724 /* Preview Assets.xcassets */; };
		3471C837246EC88F00469724 /* LaunchScreen.storyboard in Resources */ = {isa = PBXBuildFile; fileRef = 3471C835246EC88F00469724 /* LaunchScreen.storyboard */; };
		3471C840246ECF4200469724 /* ApiService.swift in Sources */ = {isa = PBXBuildFile; fileRef = 3471C83F246ECF4200469724 /* ApiService.swift */; };
/* End PBXBuildFile section */

/* Begin PBXFileReference section */
		3413407124700A8B00A42E3A /* MeasuringStation.swift */ = {isa = PBXFileReference; lastKnownFileType = sourcecode.swift; path = MeasuringStation.swift; sourceTree = "<group>"; };
		34134074247014FB00A42E3A /* MeasuringStationRowV.swift */ = {isa = PBXFileReference; lastKnownFileType = sourcecode.swift; path = MeasuringStationRowV.swift; sourceTree = "<group>"; };
		34134077247020A500A42E3A /* MainHomeVM.swift */ = {isa = PBXFileReference; lastKnownFileType = sourcecode.swift; path = MainHomeVM.swift; sourceTree = "<group>"; };
		34134079247028E700A42E3A /* ApiModels.swift */ = {isa = PBXFileReference; lastKnownFileType = sourcecode.swift; path = ApiModels.swift; sourceTree = "<group>"; };
		3471C822246EC88900469724 /* WaterTemperatuur.app */ = {isa = PBXFileReference; explicitFileType = wrapper.application; includeInIndex = 0; path = WaterTemperatuur.app; sourceTree = BUILT_PRODUCTS_DIR; };
		3471C825246EC88900469724 /* AppDelegate.swift */ = {isa = PBXFileReference; lastKnownFileType = sourcecode.swift; path = AppDelegate.swift; sourceTree = "<group>"; };
		3471C828246EC88900469724 /* WaterTemperatuur.xcdatamodel */ = {isa = PBXFileReference; lastKnownFileType = wrapper.xcdatamodel; path = WaterTemperatuur.xcdatamodel; sourceTree = "<group>"; };
		3471C82A246EC88900469724 /* SceneDelegate.swift */ = {isa = PBXFileReference; lastKnownFileType = sourcecode.swift; path = SceneDelegate.swift; sourceTree = "<group>"; };
		3471C82E246EC88900469724 /* ContentView.swift */ = {isa = PBXFileReference; lastKnownFileType = sourcecode.swift; path = ContentView.swift; sourceTree = "<group>"; };
		3471C830246EC88F00469724 /* Assets.xcassets */ = {isa = PBXFileReference; lastKnownFileType = folder.assetcatalog; path = Assets.xcassets; sourceTree = "<group>"; };
		3471C833246EC88F00469724 /* Preview Assets.xcassets */ = {isa = PBXFileReference; lastKnownFileType = folder.assetcatalog; path = "Preview Assets.xcassets"; sourceTree = "<group>"; };
		3471C836246EC88F00469724 /* Base */ = {isa = PBXFileReference; lastKnownFileType = file.storyboard; name = Base; path = Base.lproj/LaunchScreen.storyboard; sourceTree = "<group>"; };
		3471C838246EC88F00469724 /* Info.plist */ = {isa = PBXFileReference; lastKnownFileType = text.plist.xml; path = Info.plist; sourceTree = "<group>"; };
		3471C83F246ECF4200469724 /* ApiService.swift */ = {isa = PBXFileReference; lastKnownFileType = sourcecode.swift; path = ApiService.swift; sourceTree = "<group>"; };
/* End PBXFileReference section */

/* Begin PBXFrameworksBuildPhase section */
		3471C81F246EC88900469724 /* Frameworks */ = {
			isa = PBXFrameworksBuildPhase;
			buildActionMask = 2147483647;
			files = (
			);
			runOnlyForDeploymentPostprocessing = 0;
		};
/* End PBXFrameworksBuildPhase section */

/* Begin PBXGroup section */
		3413407024700A4F00A42E3A /* models */ = {
			isa = PBXGroup;
			children = (
				3413407124700A8B00A42E3A /* MeasuringStation.swift */,
				34134079247028E700A42E3A /* ApiModels.swift */,
			);
			path = models;
			sourceTree = "<group>";
		};
		34134073247014D900A42E3A /* view */ = {
			isa = PBXGroup;
			children = (
				34134074247014FB00A42E3A /* MeasuringStationRowV.swift */,
			);
			path = view;
			sourceTree = "<group>";
		};
		341340762470206600A42E3A /* viewModel */ = {
			isa = PBXGroup;
			children = (
				34134077247020A500A42E3A /* MainHomeVM.swift */,
			);
			path = viewModel;
			sourceTree = "<group>";
		};
		3471C819246EC88900469724 = {
			isa = PBXGroup;
			children = (
				3471C824246EC88900469724 /* WaterTemperatuur */,
				3471C823246EC88900469724 /* Products */,
			);
			sourceTree = "<group>";
		};
		3471C823246EC88900469724 /* Products */ = {
			isa = PBXGroup;
			children = (
				3471C822246EC88900469724 /* WaterTemperatuur.app */,
			);
			name = Products;
			sourceTree = "<group>";
		};
		3471C824246EC88900469724 /* WaterTemperatuur */ = {
			isa = PBXGroup;
			children = (
				341340762470206600A42E3A /* viewModel */,
				34134073247014D900A42E3A /* view */,
				3413407024700A4F00A42E3A /* models */,
				3471C83E246ECE8700469724 /* services */,
				3471C825246EC88900469724 /* AppDelegate.swift */,
				3471C82A246EC88900469724 /* SceneDelegate.swift */,
				3471C82E246EC88900469724 /* ContentView.swift */,
				3471C830246EC88F00469724 /* Assets.xcassets */,
				3471C835246EC88F00469724 /* LaunchScreen.storyboard */,
				3471C838246EC88F00469724 /* Info.plist */,
				3471C827246EC88900469724 /* WaterTemperatuur.xcdatamodeld */,
				3471C832246EC88F00469724 /* Preview Content */,
			);
			path = WaterTemperatuur;
			sourceTree = "<group>";
		};
		3471C832246EC88F00469724 /* Preview Content */ = {
			isa = PBXGroup;
			children = (
				3471C833246EC88F00469724 /* Preview Assets.xcassets */,
			);
			path = "Preview Content";
			sourceTree = "<group>";
		};
		3471C83E246ECE8700469724 /* services */ = {
			isa = PBXGroup;
			children = (
				3471C83F246ECF4200469724 /* ApiService.swift */,
			);
			path = services;
			sourceTree = "<group>";
		};
/* End PBXGroup section */

/* Begin PBXNativeTarget section */
		3471C821246EC88900469724 /* WaterTemperatuur */ = {
			isa = PBXNativeTarget;
			buildConfigurationList = 3471C83B246EC88F00469724 /* Build configuration list for PBXNativeTarget "WaterTemperatuur" */;
			buildPhases = (
				3471C81E246EC88900469724 /* Sources */,
				3471C81F246EC88900469724 /* Frameworks */,
				3471C820246EC88900469724 /* Resources */,
			);
			buildRules = (
			);
			dependencies = (
			);
			name = WaterTemperatuur;
			productName = WaterTemperatuur;
			productReference = 3471C822246EC88900469724 /* WaterTemperatuur.app */;
			productType = "com.apple.product-type.application";
		};
/* End PBXNativeTarget section */

/* Begin PBXProject section */
		3471C81A246EC88900469724 /* Project object */ = {
			isa = PBXProject;
			attributes = {
				LastSwiftUpdateCheck = 1140;
				LastUpgradeCheck = 1140;
				ORGANIZATIONNAME = "Martijn Groeneveldt";
				TargetAttributes = {
					3471C821246EC88900469724 = {
						CreatedOnToolsVersion = 11.4;
					};
				};
			};
			buildConfigurationList = 3471C81D246EC88900469724 /* Build configuration list for PBXProject "WaterTemperatuur" */;
			compatibilityVersion = "Xcode 9.3";
			developmentRegion = en;
			hasScannedForEncodings = 0;
			knownRegions = (
				en,
				Base,
			);
			mainGroup = 3471C819246EC88900469724;
			productRefGroup = 3471C823246EC88900469724 /* Products */;
			projectDirPath = "";
			projectRoot = "";
			targets = (
				3471C821246EC88900469724 /* WaterTemperatuur */,
			);
		};
/* End PBXProject section */

/* Begin PBXResourcesBuildPhase section */
		3471C820246EC88900469724 /* Resources */ = {
			isa = PBXResourcesBuildPhase;
			buildActionMask = 2147483647;
			files = (
				3471C837246EC88F00469724 /* LaunchScreen.storyboard in Resources */,
				3471C834246EC88F00469724 /* Preview Assets.xcassets in Resources */,
				3471C831246EC88F00469724 /* Assets.xcassets in Resources */,
			);
			runOnlyForDeploymentPostprocessing = 0;
		};
/* End PBXResourcesBuildPhase section */

/* Begin PBXSourcesBuildPhase section */
		3471C81E246EC88900469724 /* Sources */ = {
			isa = PBXSourcesBuildPhase;
			buildActionMask = 2147483647;
			files = (
				34134075247014FB00A42E3A /* MeasuringStationRowV.swift in Sources */,
				3413407A247028E700A42E3A /* ApiModels.swift in Sources */,
				3471C82F246EC88900469724 /* ContentView.swift in Sources */,
				3471C840246ECF4200469724 /* ApiService.swift in Sources */,
				3471C829246EC88900469724 /* WaterTemperatuur.xcdatamodeld in Sources */,
				3471C826246EC88900469724 /* AppDelegate.swift in Sources */,
				3471C82B246EC88900469724 /* SceneDelegate.swift in Sources */,
				34134078247020A500A42E3A /* MainHomeVM.swift in Sources */,
				3413407224700A8B00A42E3A /* MeasuringStation.swift in Sources */,
			);
			runOnlyForDeploymentPostprocessing = 0;
		};
/* End PBXSourcesBuildPhase section */

/* Begin PBXVariantGroup section */
		3471C835246EC88F00469724 /* LaunchScreen.storyboard */ = {
			isa = PBXVariantGroup;
			children = (
				3471C836246EC88F00469724 /* Base */,
			);
			name = LaunchScreen.storyboard;
			sourceTree = "<group>";
		};
/* End PBXVariantGroup section */

/* Begin XCBuildConfiguration section */
		3471C839246EC88F00469724 /* Debug */ = {
			isa = XCBuildConfiguration;
			buildSettings = {
				ALWAYS_SEARCH_USER_PATHS = NO;
				CLANG_ANALYZER_NONNULL = YES;
				CLANG_ANALYZER_NUMBER_OBJECT_CONVERSION = YES_AGGRESSIVE;
				CLANG_CXX_LANGUAGE_STANDARD = "gnu++14";
				CLANG_CXX_LIBRARY = "libc++";
				CLANG_ENABLE_MODULES = YES;
				CLANG_ENABLE_OBJC_ARC = YES;
				CLANG_ENABLE_OBJC_WEAK = YES;
				CLANG_WARN_BLOCK_CAPTURE_AUTORELEASING = YES;
				CLANG_WARN_BOOL_CONVERSION = YES;
				CLANG_WARN_COMMA = YES;
				CLANG_WARN_CONSTANT_CONVERSION = YES;
				CLANG_WARN_DEPRECATED_OBJC_IMPLEMENTATIONS = YES;
				CLANG_WARN_DIRECT_OBJC_ISA_USAGE = YES_ERROR;
				CLANG_WARN_DOCUMENTATION_COMMENTS = YES;
				CLANG_WARN_EMPTY_BODY = YES;
				CLANG_WARN_ENUM_CONVERSION = YES;
				CLANG_WARN_INFINITE_RECURSION = YES;
				CLANG_WARN_INT_CONVERSION = YES;
				CLANG_WARN_NON_LITERAL_NULL_CONVERSION = YES;
				CLANG_WARN_OBJC_IMPLICIT_RETAIN_SELF = YES;
				CLANG_WARN_OBJC_LITERAL_CONVERSION = YES;
				CLANG_WARN_OBJC_ROOT_CLASS = YES_ERROR;
				CLANG_WARN_RANGE_LOOP_ANALYSIS = YES;
				CLANG_WARN_STRICT_PROTOTYPES = YES;
				CLANG_WARN_SUSPICIOUS_MOVE = YES;
				CLANG_WARN_UNGUARDED_AVAILABILITY = YES_AGGRESSIVE;
				CLANG_WARN_UNREACHABLE_CODE = YES;
				CLANG_WARN__DUPLICATE_METHOD_MATCH = YES;
				COPY_PHASE_STRIP = NO;
				DEBUG_INFORMATION_FORMAT = dwarf;
				ENABLE_STRICT_OBJC_MSGSEND = YES;
				ENABLE_TESTABILITY = YES;
				GCC_C_LANGUAGE_STANDARD = gnu11;
				GCC_DYNAMIC_NO_PIC = NO;
				GCC_NO_COMMON_BLOCKS = YES;
				GCC_OPTIMIZATION_LEVEL = 0;
				GCC_PREPROCESSOR_DEFINITIONS = (
					"DEBUG=1",
					"$(inherited)",
				);
				GCC_WARN_64_TO_32_BIT_CONVERSION = YES;
				GCC_WARN_ABOUT_RETURN_TYPE = YES_ERROR;
				GCC_WARN_UNDECLARED_SELECTOR = YES;
				GCC_WARN_UNINITIALIZED_AUTOS = YES_AGGRESSIVE;
				GCC_WARN_UNUSED_FUNCTION = YES;
				GCC_WARN_UNUSED_VARIABLE = YES;
				IPHONEOS_DEPLOYMENT_TARGET = 13.4;
				MTL_ENABLE_DEBUG_INFO = INCLUDE_SOURCE;
				MTL_FAST_MATH = YES;
				ONLY_ACTIVE_ARCH = YES;
				SDKROOT = iphoneos;
				SWIFT_ACTIVE_COMPILATION_CONDITIONS = DEBUG;
				SWIFT_OPTIMIZATION_LEVEL = "-Onone";
			};
			name = Debug;
		};
		3471C83A246EC88F00469724 /* Release */ = {
			isa = XCBuildConfiguration;
			buildSettings = {
				ALWAYS_SEARCH_USER_PATHS = NO;
				CLANG_ANALYZER_NONNULL = YES;
				CLANG_ANALYZER_NUMBER_OBJECT_CONVERSION = YES_AGGRESSIVE;
				CLANG_CXX_LANGUAGE_STANDARD = "gnu++14";
				CLANG_CXX_LIBRARY = "libc++";
				CLANG_ENABLE_MODULES = YES;
				CLANG_ENABLE_OBJC_ARC = YES;
				CLANG_ENABLE_OBJC_WEAK = YES;
				CLANG_WARN_BLOCK_CAPTURE_AUTORELEASING = YES;
				CLANG_WARN_BOOL_CONVERSION = YES;
				CLANG_WARN_COMMA = YES;
				CLANG_WARN_CONSTANT_CONVERSION = YES;
				CLANG_WARN_DEPRECATED_OBJC_IMPLEMENTATIONS = YES;
				CLANG_WARN_DIRECT_OBJC_ISA_USAGE = YES_ERROR;
				CLANG_WARN_DOCUMENTATION_COMMENTS = YES;
				CLANG_WARN_EMPTY_BODY = YES;
				CLANG_WARN_ENUM_CONVERSION = YES;
				CLANG_WARN_INFINITE_RECURSION = YES;
				CLANG_WARN_INT_CONVERSION = YES;
				CLANG_WARN_NON_LITERAL_NULL_CONVERSION = YES;
				CLANG_WARN_OBJC_IMPLICIT_RETAIN_SELF = YES;
				CLANG_WARN_OBJC_LITERAL_CONVERSION = YES;
				CLANG_WARN_OBJC_ROOT_CLASS = YES_ERROR;
				CLANG_WARN_RANGE_LOOP_ANALYSIS = YES;
				CLANG_WARN_STRICT_PROTOTYPES = YES;
				CLANG_WARN_SUSPICIOUS_MOVE = YES;
				CLANG_WARN_UNGUARDED_AVAILABILITY = YES_AGGRESSIVE;
				CLANG_WARN_UNREACHABLE_CODE = YES;
				CLANG_WARN__DUPLICATE_METHOD_MATCH = YES;
				COPY_PHASE_STRIP = NO;
				DEBUG_INFORMATION_FORMAT = "dwarf-with-dsym";
				ENABLE_NS_ASSERTIONS = NO;
				ENABLE_STRICT_OBJC_MSGSEND = YES;
				GCC_C_LANGUAGE_STANDARD = gnu11;
				GCC_NO_COMMON_BLOCKS = YES;
				GCC_WARN_64_TO_32_BIT_CONVERSION = YES;
				GCC_WARN_ABOUT_RETURN_TYPE = YES_ERROR;
				GCC_WARN_UNDECLARED_SELECTOR = YES;
				GCC_WARN_UNINITIALIZED_AUTOS = YES_AGGRESSIVE;
				GCC_WARN_UNUSED_FUNCTION = YES;
				GCC_WARN_UNUSED_VARIABLE = YES;
				IPHONEOS_DEPLOYMENT_TARGET = 13.4;
				MTL_ENABLE_DEBUG_INFO = NO;
				MTL_FAST_MATH = YES;
				SDKROOT = iphoneos;
				SWIFT_COMPILATION_MODE = wholemodule;
				SWIFT_OPTIMIZATION_LEVEL = "-O";
				VALIDATE_PRODUCT = YES;
			};
			name = Release;
		};
		3471C83C246EC88F00469724 /* Debug */ = {
			isa = XCBuildConfiguration;
			buildSettings = {
				ASSETCATALOG_COMPILER_APPICON_NAME = AppIcon;
				CODE_SIGN_STYLE = Automatic;
				DEVELOPMENT_ASSET_PATHS = "\"WaterTemperatuur/Preview Content\"";
				DEVELOPMENT_TEAM = 9KVN3527F3;
				ENABLE_PREVIEWS = YES;
				INFOPLIST_FILE = WaterTemperatuur/Info.plist;
				LD_RUNPATH_SEARCH_PATHS = (
					"$(inherited)",
					"@executable_path/Frameworks",
				);
				PRODUCT_BUNDLE_IDENTIFIER = nl.martijngroeneveldt.WaterTemperatuur;
				PRODUCT_NAME = "$(TARGET_NAME)";
				SWIFT_VERSION = 5.0;
				TARGETED_DEVICE_FAMILY = "1,2";
			};
			name = Debug;
		};
		3471C83D246EC88F00469724 /* Release */ = {
			isa = XCBuildConfiguration;
			buildSettings = {
				ASSETCATALOG_COMPILER_APPICON_NAME = AppIcon;
				CODE_SIGN_STYLE = Automatic;
				DEVELOPMENT_ASSET_PATHS = "\"WaterTemperatuur/Preview Content\"";
				DEVELOPMENT_TEAM = 9KVN3527F3;
				ENABLE_PREVIEWS = YES;
				INFOPLIST_FILE = WaterTemperatuur/Info.plist;
				LD_RUNPATH_SEARCH_PATHS = (
					"$(inherited)",
					"@executable_path/Frameworks",
				);
				PRODUCT_BUNDLE_IDENTIFIER = nl.martijngroeneveldt.WaterTemperatuur;
				PRODUCT_NAME = "$(TARGET_NAME)";
				SWIFT_VERSION = 5.0;
				TARGETED_DEVICE_FAMILY = "1,2";
			};
			name = Release;
		};
/* End XCBuildConfiguration section */

/* Begin XCConfigurationList section */
		3471C81D246EC88900469724 /* Build configuration list for PBXProject "WaterTemperatuur" */ = {
			isa = XCConfigurationList;
			buildConfigurations = (
				3471C839246EC88F00469724 /* Debug */,
				3471C83A246EC88F00469724 /* Release */,
			);
			defaultConfigurationIsVisible = 0;
			defaultConfigurationName = Release;
		};
		3471C83B246EC88F00469724 /* Build configuration list for PBXNativeTarget "WaterTemperatuur" */ = {
			isa = XCConfigurationList;
			buildConfigurations = (
				3471C83C246EC88F00469724 /* Debug */,
				3471C83D246EC88F00469724 /* Release */,
			);
			defaultConfigurationIsVisible = 0;
			defaultConfigurationName = Release;
		};
/* End XCConfigurationList section */

/* Begin XCVersionGroup section */
		3471C827246EC88900469724 /* WaterTemperatuur.xcdatamodeld */ = {
			isa = XCVersionGroup;
			children = (
				3471C828246EC88900469724 /* WaterTemperatuur.xcdatamodel */,
			);
			currentVersion = 3471C828246EC88900469724 /* WaterTemperatuur.xcdatamodel */;
			path = WaterTemperatuur.xcdatamodeld;
			sourceTree = "<group>";
			versionGroupType = wrapper.xcdatamodel;
		};
/* End XCVersionGroup section */
	};
	rootObject = 3471C81A246EC88900469724 /* Project object */;
}
